
Microsoft Visual Studio Solution File, Format Version 12.00
# Visual Studio Version 17
VisualStudioVersion = 17.14.36202.13 d17.14
MinimumVisualStudioVersion = 10.0.40219.1
Project("{FAE04EC0-301F-11D3-BF4B-00C04F79EFBC}") = "MvcChair", "MvcChair\MvcChair.csproj", "{9E1F06A3-71F3-41CA-8AB3-3F4E958A661F}"
EndProject
Global
	GlobalSection(SolutionConfigurationPlatforms) = preSolution
		Debug|Any CPU = Debug|Any CPU
		Release|Any CPU = Release|Any CPU
	EndGlobalSection
	GlobalSection(ProjectConfigurationPlatforms) = postSolution
		{9E1F06A3-71F3-41CA-8AB3-3F4E958A661F}.Debug|Any CPU.ActiveCfg = Debug|Any CPU
		{9E1F06A3-71F3-41CA-8AB3-3F4E958A661F}.Debug|Any CPU.Build.0 = Debug|Any CPU
		{9E1F06A3-71F3-41CA-8AB3-3F4E958A661F}.Release|Any CPU.ActiveCfg = Release|Any CPU
		{9E1F06A3-71F3-41CA-8AB3-3F4E958A661F}.Release|Any CPU.Build.0 = Release|Any CPU
	EndGlobalSection
	GlobalSection(SolutionProperties) = preSolution
		HideSolutionNode = FALSE
	EndGlobalSection
	GlobalSection(ExtensibilityGlobals) = postSolution
		SolutionGuid = {0D7B37DD-73C1-4185-AE15-4B88818D36A9}
	EndGlobalSection
EndGlobal
